// !$*UTF8*$!
{
	archiveVersion = 1;
	classes = {
	};
	objectVersion = 56;
	objects = {

/* Begin PBXBuildFile section */
		DE02E28A2B0A9B310096F523 /* StorageService.docc in Sources */ = {isa = PBXBuildFile; fileRef = DE02E2892B0A9B310096F523 /* StorageService.docc */; };
		DE02E2902B0A9B320096F523 /* StorageService.framework in Frameworks */ = {isa = PBXBuildFile; fileRef = DE02E2862B0A9B310096F523 /* StorageService.framework */; };
		DE02E2972B0A9B320096F523 /* StorageServiceTests.swift in Sources */ = {isa = PBXBuildFile; fileRef = DE02E2962B0A9B320096F523 /* StorageServiceTests.swift */; };
		DE02E2982B0A9B320096F523 /* StorageService.h in Headers */ = {isa = PBXBuildFile; fileRef = DE02E2882B0A9B310096F523 /* StorageService.h */; settings = {ATTRIBUTES = (Public, ); }; };
		DE02E29B2B0A9B320096F523 /* StorageService.framework in Frameworks */ = {isa = PBXBuildFile; fileRef = DE02E2862B0A9B310096F523 /* StorageService.framework */; };
		DE02E29C2B0A9B320096F523 /* StorageService.framework in Embed Frameworks */ = {isa = PBXBuildFile; fileRef = DE02E2862B0A9B310096F523 /* StorageService.framework */; settings = {ATTRIBUTES = (CodeSignOnCopy, RemoveHeadersOnCopy, ); }; };
		DE02E2A62B0A9BA40096F523 /* Post.swift in Sources */ = {isa = PBXBuildFile; fileRef = DE02E2A52B0A9BA40096F523 /* Post.swift */; };
		DE23C72C2B2F7ADF009CC723 /* FeedCoordinator.swift in Sources */ = {isa = PBXBuildFile; fileRef = DE23C72B2B2F7ADF009CC723 /* FeedCoordinator.swift */; };
		DE23C7302B2F7E16009CC723 /* ProfileCoordinator.swift in Sources */ = {isa = PBXBuildFile; fileRef = DE23C72F2B2F7E16009CC723 /* ProfileCoordinator.swift */; };
		DE2BF2CC2B1CD4F800A26DFF /* Checker.swift in Sources */ = {isa = PBXBuildFile; fileRef = DE2BF2CB2B1CD4F800A26DFF /* Checker.swift */; };
		DE2BF2D02B1CE89400A26DFF /* iOSIntPackage in Frameworks */ = {isa = PBXBuildFile; productRef = DE2BF2CF2B1CE89400A26DFF /* iOSIntPackage */; };
		DE2CBAB92AD957B0004C5EF3 /* ProfileHeaderView.swift in Sources */ = {isa = PBXBuildFile; fileRef = DE2CBAB82AD957B0004C5EF3 /* ProfileHeaderView.swift */; };
		DE2CBABC2AD967AD004C5EF3 /* PostTableViewCell.swift in Sources */ = {isa = PBXBuildFile; fileRef = DE2CBABB2AD967AD004C5EF3 /* PostTableViewCell.swift */; };
		DE559F932AC499F900797548 /* AppDelegate.swift in Sources */ = {isa = PBXBuildFile; fileRef = DE559F922AC499F900797548 /* AppDelegate.swift */; };
		DE559F952AC499F900797548 /* SceneDelegate.swift in Sources */ = {isa = PBXBuildFile; fileRef = DE559F942AC499F900797548 /* SceneDelegate.swift */; };
		DE559F9C2AC499FA00797548 /* Assets.xcassets in Resources */ = {isa = PBXBuildFile; fileRef = DE559F9B2AC499FA00797548 /* Assets.xcassets */; };
		DE559F9F2AC499FA00797548 /* LaunchScreen.storyboard in Resources */ = {isa = PBXBuildFile; fileRef = DE559F9D2AC499FA00797548 /* LaunchScreen.storyboard */; };
		DE559FA92AC4A60F00797548 /* FeedViewController.swift in Sources */ = {isa = PBXBuildFile; fileRef = DE559FA82AC4A60F00797548 /* FeedViewController.swift */; };
		DE559FAB2AC4A63400797548 /* ProfileViewController.swift in Sources */ = {isa = PBXBuildFile; fileRef = DE559FAA2AC4A63400797548 /* ProfileViewController.swift */; };
		DE559FAD2AC4A92700797548 /* PostViewController.swift in Sources */ = {isa = PBXBuildFile; fileRef = DE559FAC2AC4A92700797548 /* PostViewController.swift */; };
		DE6914E52ACED34700A58500 /* LogInViewController.swift in Sources */ = {isa = PBXBuildFile; fileRef = DE6914E42ACED34700A58500 /* LogInViewController.swift */; };
		DE7D8CFD2B28E52200FC17BF /* ProfileViewModel.swift in Sources */ = {isa = PBXBuildFile; fileRef = DE7D8CFC2B28E52200FC17BF /* ProfileViewModel.swift */; };
		DE7E1B342B22F66E005B7E66 /* FeedModel.swift in Sources */ = {isa = PBXBuildFile; fileRef = DE7E1B332B22F66E005B7E66 /* FeedModel.swift */; };
		DE7E1B362B22FA05005B7E66 /* AlertModel.swift in Sources */ = {isa = PBXBuildFile; fileRef = DE7E1B352B22FA05005B7E66 /* AlertModel.swift */; };
		DE7F04BE2B21F423003CB83E /* CustomButton.swift in Sources */ = {isa = PBXBuildFile; fileRef = DE7F04BD2B21F423003CB83E /* CustomButton.swift */; };
		DE88B4D02B3DE6F700B29386 /* BannerViewController.swift in Sources */ = {isa = PBXBuildFile; fileRef = DE88B4CF2B3DE6F700B29386 /* BannerViewController.swift */; };
		DE97B26A2ADC22B5006B2826 /* ProfilePost.swift in Sources */ = {isa = PBXBuildFile; fileRef = DE97B2692ADC22B5006B2826 /* ProfilePost.swift */; };
		DEA3FBA62AEEC1030003E196 /* PhotosTableViewCell.swift in Sources */ = {isa = PBXBuildFile; fileRef = DEA3FBA52AEEC1030003E196 /* PhotosTableViewCell.swift */; };
		DEA3FBAA2AEEC15C0003E196 /* PhotosCollectionViewCell.swift in Sources */ = {isa = PBXBuildFile; fileRef = DEA3FBA92AEEC15C0003E196 /* PhotosCollectionViewCell.swift */; };
		DEA3FBAC2AEEE7D30003E196 /* GalleryViewController.swift in Sources */ = {isa = PBXBuildFile; fileRef = DEA3FBAB2AEEE7D30003E196 /* GalleryViewController.swift */; };
		DEA3FBAE2AEEE84C0003E196 /* GalleryCollectionViewCell.swift in Sources */ = {isa = PBXBuildFile; fileRef = DEA3FBAD2AEEE84C0003E196 /* GalleryCollectionViewCell.swift */; };
		DEA8EDE32ACD5E1200F0C48C /* TextFieldWithPadding.swift in Sources */ = {isa = PBXBuildFile; fileRef = DEA8EDE22ACD5E1200F0C48C /* TextFieldWithPadding.swift */; };
		DEB057852B33556300EE2C7C /* BaseCoordinator.swift in Sources */ = {isa = PBXBuildFile; fileRef = DEB057842B33556300EE2C7C /* BaseCoordinator.swift */; };
		DEB057872B33559200EE2C7C /* MainCoordinator.swift in Sources */ = {isa = PBXBuildFile; fileRef = DEB057862B33559200EE2C7C /* MainCoordinator.swift */; };
		DEB1819D2B122C90009653F9 /* User.swift in Sources */ = {isa = PBXBuildFile; fileRef = DEB1819C2B122C90009653F9 /* User.swift */; };
		DEBA1CAB2ACF47BB0027C8B5 /* Extension.swift in Sources */ = {isa = PBXBuildFile; fileRef = DEBA1CAA2ACF47BB0027C8B5 /* Extension.swift */; };
		DED440162AC6120D008B3F9A /* InfoViewController.swift in Sources */ = {isa = PBXBuildFile; fileRef = DED440152AC6120D008B3F9A /* InfoViewController.swift */; };
		DED49A492B501809008B9078 /* NetworkService.swift in Sources */ = {isa = PBXBuildFile; fileRef = DED49A482B501809008B9078 /* NetworkService.swift */; };
		DEE4FFF02B3D7A470069AE4B /* BruteForce.swift in Sources */ = {isa = PBXBuildFile; fileRef = DEE4FFEF2B3D7A470069AE4B /* BruteForce.swift */; };
		DEFD80F52AE978E9000D5E4A /* ProfilePhoto.swift in Sources */ = {isa = PBXBuildFile; fileRef = DEFD80F42AE978E9000D5E4A /* ProfilePhoto.swift */; };
/* End PBXBuildFile section */

/* Begin PBXContainerItemProxy section */
		DE02E2912B0A9B320096F523 /* PBXContainerItemProxy */ = {
			isa = PBXContainerItemProxy;
			containerPortal = DE559F872AC499F900797548 /* Project object */;
			proxyType = 1;
			remoteGlobalIDString = DE02E2852B0A9B310096F523;
			remoteInfo = StorageService;
		};
		DE02E2932B0A9B320096F523 /* PBXContainerItemProxy */ = {
			isa = PBXContainerItemProxy;
			containerPortal = DE559F872AC499F900797548 /* Project object */;
			proxyType = 1;
			remoteGlobalIDString = DE559F8E2AC499F900797548;
			remoteInfo = Navigation;
		};
		DE02E2992B0A9B320096F523 /* PBXContainerItemProxy */ = {
			isa = PBXContainerItemProxy;
			containerPortal = DE559F872AC499F900797548 /* Project object */;
			proxyType = 1;
			remoteGlobalIDString = DE02E2852B0A9B310096F523;
			remoteInfo = StorageService;
		};
/* End PBXContainerItemProxy section */

/* Begin PBXCopyFilesBuildPhase section */
		DE02E29D2B0A9B320096F523 /* Embed Frameworks */ = {
			isa = PBXCopyFilesBuildPhase;
			buildActionMask = 2147483647;
			dstPath = "";
			dstSubfolderSpec = 10;
			files = (
				DE02E29C2B0A9B320096F523 /* StorageService.framework in Embed Frameworks */,
			);
			name = "Embed Frameworks";
			runOnlyForDeploymentPostprocessing = 0;
		};
/* End PBXCopyFilesBuildPhase section */

/* Begin PBXFileReference section */
		DE02E2862B0A9B310096F523 /* StorageService.framework */ = {isa = PBXFileReference; explicitFileType = wrapper.framework; includeInIndex = 0; path = StorageService.framework; sourceTree = BUILT_PRODUCTS_DIR; };
		DE02E2882B0A9B310096F523 /* StorageService.h */ = {isa = PBXFileReference; lastKnownFileType = sourcecode.c.h; path = StorageService.h; sourceTree = "<group>"; };
		DE02E2892B0A9B310096F523 /* StorageService.docc */ = {isa = PBXFileReference; lastKnownFileType = folder.documentationcatalog; path = StorageService.docc; sourceTree = "<group>"; };
		DE02E28F2B0A9B320096F523 /* StorageServiceTests.xctest */ = {isa = PBXFileReference; explicitFileType = wrapper.cfbundle; includeInIndex = 0; path = StorageServiceTests.xctest; sourceTree = BUILT_PRODUCTS_DIR; };
		DE02E2962B0A9B320096F523 /* StorageServiceTests.swift */ = {isa = PBXFileReference; lastKnownFileType = sourcecode.swift; path = StorageServiceTests.swift; sourceTree = "<group>"; };
		DE02E2A52B0A9BA40096F523 /* Post.swift */ = {isa = PBXFileReference; lastKnownFileType = sourcecode.swift; path = Post.swift; sourceTree = "<group>"; };
		DE23C72B2B2F7ADF009CC723 /* FeedCoordinator.swift */ = {isa = PBXFileReference; lastKnownFileType = sourcecode.swift; path = FeedCoordinator.swift; sourceTree = "<group>"; };
		DE23C72F2B2F7E16009CC723 /* ProfileCoordinator.swift */ = {isa = PBXFileReference; lastKnownFileType = sourcecode.swift; path = ProfileCoordinator.swift; sourceTree = "<group>"; };
		DE2BF2CB2B1CD4F800A26DFF /* Checker.swift */ = {isa = PBXFileReference; lastKnownFileType = sourcecode.swift; path = Checker.swift; sourceTree = "<group>"; };
		DE2CBAB82AD957B0004C5EF3 /* ProfileHeaderView.swift */ = {isa = PBXFileReference; lastKnownFileType = sourcecode.swift; path = ProfileHeaderView.swift; sourceTree = "<group>"; };
		DE2CBABB2AD967AD004C5EF3 /* PostTableViewCell.swift */ = {isa = PBXFileReference; lastKnownFileType = sourcecode.swift; path = PostTableViewCell.swift; sourceTree = "<group>"; };
		DE559F8F2AC499F900797548 /* Navigation.app */ = {isa = PBXFileReference; explicitFileType = wrapper.application; includeInIndex = 0; path = Navigation.app; sourceTree = BUILT_PRODUCTS_DIR; };
		DE559F922AC499F900797548 /* AppDelegate.swift */ = {isa = PBXFileReference; lastKnownFileType = sourcecode.swift; path = AppDelegate.swift; sourceTree = "<group>"; };
		DE559F942AC499F900797548 /* SceneDelegate.swift */ = {isa = PBXFileReference; lastKnownFileType = sourcecode.swift; path = SceneDelegate.swift; sourceTree = "<group>"; };
		DE559F9B2AC499FA00797548 /* Assets.xcassets */ = {isa = PBXFileReference; lastKnownFileType = folder.assetcatalog; path = Assets.xcassets; sourceTree = "<group>"; };
		DE559F9E2AC499FA00797548 /* Base */ = {isa = PBXFileReference; lastKnownFileType = file.storyboard; name = Base; path = Base.lproj/LaunchScreen.storyboard; sourceTree = "<group>"; };
		DE559FA02AC499FA00797548 /* Info.plist */ = {isa = PBXFileReference; lastKnownFileType = text.plist.xml; path = Info.plist; sourceTree = "<group>"; };
		DE559FA82AC4A60F00797548 /* FeedViewController.swift */ = {isa = PBXFileReference; lastKnownFileType = sourcecode.swift; path = FeedViewController.swift; sourceTree = "<group>"; };
		DE559FAA2AC4A63400797548 /* ProfileViewController.swift */ = {isa = PBXFileReference; lastKnownFileType = sourcecode.swift; path = ProfileViewController.swift; sourceTree = "<group>"; };
		DE559FAC2AC4A92700797548 /* PostViewController.swift */ = {isa = PBXFileReference; lastKnownFileType = sourcecode.swift; path = PostViewController.swift; sourceTree = "<group>"; };
		DE6914E42ACED34700A58500 /* LogInViewController.swift */ = {isa = PBXFileReference; lastKnownFileType = sourcecode.swift; path = LogInViewController.swift; sourceTree = "<group>"; };
		DE7D8CFC2B28E52200FC17BF /* ProfileViewModel.swift */ = {isa = PBXFileReference; lastKnownFileType = sourcecode.swift; path = ProfileViewModel.swift; sourceTree = "<group>"; };
		DE7E1B332B22F66E005B7E66 /* FeedModel.swift */ = {isa = PBXFileReference; lastKnownFileType = sourcecode.swift; path = FeedModel.swift; sourceTree = "<group>"; };
		DE7E1B352B22FA05005B7E66 /* AlertModel.swift */ = {isa = PBXFileReference; lastKnownFileType = sourcecode.swift; path = AlertModel.swift; sourceTree = "<group>"; };
		DE7F04BD2B21F423003CB83E /* CustomButton.swift */ = {isa = PBXFileReference; lastKnownFileType = sourcecode.swift; path = CustomButton.swift; sourceTree = "<group>"; };
		DE88B4CF2B3DE6F700B29386 /* BannerViewController.swift */ = {isa = PBXFileReference; lastKnownFileType = sourcecode.swift; path = BannerViewController.swift; sourceTree = "<group>"; };
		DE97B2692ADC22B5006B2826 /* ProfilePost.swift */ = {isa = PBXFileReference; lastKnownFileType = sourcecode.swift; path = ProfilePost.swift; sourceTree = "<group>"; };
		DEA3FBA52AEEC1030003E196 /* PhotosTableViewCell.swift */ = {isa = PBXFileReference; lastKnownFileType = sourcecode.swift; path = PhotosTableViewCell.swift; sourceTree = "<group>"; };
		DEA3FBA92AEEC15C0003E196 /* PhotosCollectionViewCell.swift */ = {isa = PBXFileReference; lastKnownFileType = sourcecode.swift; path = PhotosCollectionViewCell.swift; sourceTree = "<group>"; };
		DEA3FBAB2AEEE7D30003E196 /* GalleryViewController.swift */ = {isa = PBXFileReference; lastKnownFileType = sourcecode.swift; path = GalleryViewController.swift; sourceTree = "<group>"; };
		DEA3FBAD2AEEE84C0003E196 /* GalleryCollectionViewCell.swift */ = {isa = PBXFileReference; lastKnownFileType = sourcecode.swift; path = GalleryCollectionViewCell.swift; sourceTree = "<group>"; };
		DEA8EDE22ACD5E1200F0C48C /* TextFieldWithPadding.swift */ = {isa = PBXFileReference; lastKnownFileType = sourcecode.swift; path = TextFieldWithPadding.swift; sourceTree = "<group>"; };
		DEB057842B33556300EE2C7C /* BaseCoordinator.swift */ = {isa = PBXFileReference; lastKnownFileType = sourcecode.swift; path = BaseCoordinator.swift; sourceTree = "<group>"; };
		DEB057862B33559200EE2C7C /* MainCoordinator.swift */ = {isa = PBXFileReference; lastKnownFileType = sourcecode.swift; path = MainCoordinator.swift; sourceTree = "<group>"; };
		DEB1819C2B122C90009653F9 /* User.swift */ = {isa = PBXFileReference; lastKnownFileType = sourcecode.swift; path = User.swift; sourceTree = "<group>"; };
		DEBA1CAA2ACF47BB0027C8B5 /* Extension.swift */ = {isa = PBXFileReference; lastKnownFileType = sourcecode.swift; path = Extension.swift; sourceTree = "<group>"; };
		DED440152AC6120D008B3F9A /* InfoViewController.swift */ = {isa = PBXFileReference; lastKnownFileType = sourcecode.swift; path = InfoViewController.swift; sourceTree = "<group>"; };
		DED49A482B501809008B9078 /* NetworkService.swift */ = {isa = PBXFileReference; lastKnownFileType = sourcecode.swift; path = NetworkService.swift; sourceTree = "<group>"; };
		DEE4FFEF2B3D7A470069AE4B /* BruteForce.swift */ = {isa = PBXFileReference; lastKnownFileType = sourcecode.swift; path = BruteForce.swift; sourceTree = "<group>"; };
		DEFD80F42AE978E9000D5E4A /* ProfilePhoto.swift */ = {isa = PBXFileReference; lastKnownFileType = sourcecode.swift; path = ProfilePhoto.swift; sourceTree = "<group>"; };
/* End PBXFileReference section */

/* Begin PBXFrameworksBuildPhase section */
		DE02E2832B0A9B310096F523 /* Frameworks */ = {
			isa = PBXFrameworksBuildPhase;
			buildActionMask = 2147483647;
			files = (
			);
			runOnlyForDeploymentPostprocessing = 0;
		};
		DE02E28C2B0A9B320096F523 /* Frameworks */ = {
			isa = PBXFrameworksBuildPhase;
			buildActionMask = 2147483647;
			files = (
				DE02E2902B0A9B320096F523 /* StorageService.framework in Frameworks */,
			);
			runOnlyForDeploymentPostprocessing = 0;
		};
		DE559F8C2AC499F900797548 /* Frameworks */ = {
			isa = PBXFrameworksBuildPhase;
			buildActionMask = 2147483647;
			files = (
				DE02E29B2B0A9B320096F523 /* StorageService.framework in Frameworks */,
				DE2BF2D02B1CE89400A26DFF /* iOSIntPackage in Frameworks */,
			);
			runOnlyForDeploymentPostprocessing = 0;
		};
/* End PBXFrameworksBuildPhase section */

/* Begin PBXGroup section */
		DE02E2872B0A9B310096F523 /* StorageService */ = {
			isa = PBXGroup;
			children = (
				DE02E2A52B0A9BA40096F523 /* Post.swift */,
				DE02E2882B0A9B310096F523 /* StorageService.h */,
				DE02E2892B0A9B310096F523 /* StorageService.docc */,
			);
			path = StorageService;
			sourceTree = "<group>";
		};
		DE02E2952B0A9B320096F523 /* StorageServiceTests */ = {
			isa = PBXGroup;
			children = (
				DE02E2962B0A9B320096F523 /* StorageServiceTests.swift */,
			);
			path = StorageServiceTests;
			sourceTree = "<group>";
		};
		DE559F862AC499F900797548 = {
			isa = PBXGroup;
			children = (
				DE559F912AC499F900797548 /* Navigation */,
				DE02E2872B0A9B310096F523 /* StorageService */,
				DE02E2952B0A9B320096F523 /* StorageServiceTests */,
				DE559F902AC499F900797548 /* Products */,
			);
			sourceTree = "<group>";
		};
		DE559F902AC499F900797548 /* Products */ = {
			isa = PBXGroup;
			children = (
				DE559F8F2AC499F900797548 /* Navigation.app */,
				DE02E2862B0A9B310096F523 /* StorageService.framework */,
				DE02E28F2B0A9B320096F523 /* StorageServiceTests.xctest */,
			);
			name = Products;
			sourceTree = "<group>";
		};
		DE559F912AC499F900797548 /* Navigation */ = {
			isa = PBXGroup;
			children = (
				DE88B4CC2B3DC9F800B29386 /* Banner */,
				DEB057832B33549300EE2C7C /* Coordinators */,
				DE9C1A7C2AFBE838005233EA /* App */,
				DE7F04BC2B21F406003CB83E /* Tools */,
				DE9C1A7E2AFBE888005233EA /* Extension */,
				DE9C1A7D2AFBE861005233EA /* Feed */,
				DEA3FBA22AEEB6160003E196 /* Models */,
				DE67F7062AC9DA7100F785B2 /* Profile */,
				DE559F9B2AC499FA00797548 /* Assets.xcassets */,
				DE559F9D2AC499FA00797548 /* LaunchScreen.storyboard */,
				DE559FA02AC499FA00797548 /* Info.plist */,
			);
			path = Navigation;
			sourceTree = "<group>";
		};
		DE67F7062AC9DA7100F785B2 /* Profile */ = {
			isa = PBXGroup;
			children = (
				DE559FAA2AC4A63400797548 /* ProfileViewController.swift */,
				DE2CBAB82AD957B0004C5EF3 /* ProfileHeaderView.swift */,
				DE7D8CFC2B28E52200FC17BF /* ProfileViewModel.swift */,
			);
			path = Profile;
			sourceTree = "<group>";
		};
		DE7F04BC2B21F406003CB83E /* Tools */ = {
			isa = PBXGroup;
			children = (
				DE7F04BD2B21F423003CB83E /* CustomButton.swift */,
				DE7E1B352B22FA05005B7E66 /* AlertModel.swift */,
			);
			path = Tools;
			sourceTree = "<group>";
		};
		DE88B4CC2B3DC9F800B29386 /* Banner */ = {
			isa = PBXGroup;
			children = (
				DE88B4CF2B3DE6F700B29386 /* BannerViewController.swift */,
			);
			path = Banner;
			sourceTree = "<group>";
		};
		DE9C1A7C2AFBE838005233EA /* App */ = {
			isa = PBXGroup;
			children = (
				DE559F922AC499F900797548 /* AppDelegate.swift */,
				DE559F942AC499F900797548 /* SceneDelegate.swift */,
			);
			path = App;
			sourceTree = "<group>";
		};
		DE9C1A7D2AFBE861005233EA /* Feed */ = {
			isa = PBXGroup;
			children = (
				DE559FA82AC4A60F00797548 /* FeedViewController.swift */,
				DED440152AC6120D008B3F9A /* InfoViewController.swift */,
				DE559FAC2AC4A92700797548 /* PostViewController.swift */,
				DE7E1B332B22F66E005B7E66 /* FeedModel.swift */,
			);
			path = Feed;
			sourceTree = "<group>";
		};
		DE9C1A7E2AFBE888005233EA /* Extension */ = {
			isa = PBXGroup;
			children = (
				DEA8EDE22ACD5E1200F0C48C /* TextFieldWithPadding.swift */,
				DEBA1CAA2ACF47BB0027C8B5 /* Extension.swift */,
			);
			path = Extension;
			sourceTree = "<group>";
		};
		DEA3FBA22AEEB6160003E196 /* Models */ = {
			isa = PBXGroup;
			children = (
				DED49A472B5017ED008B9078 /* NetworkService */,
				DEB1819B2B122C80009653F9 /* User */,
				DEA3FBAF2AEEE88B0003E196 /* Gallery */,
				DEA3FBA42AEEB63A0003E196 /* Post */,
				DEA3FBA32AEEB6240003E196 /* Photo */,
			);
			path = Models;
			sourceTree = "<group>";
		};
		DEA3FBA32AEEB6240003E196 /* Photo */ = {
			isa = PBXGroup;
			children = (
				DEFD80F42AE978E9000D5E4A /* ProfilePhoto.swift */,
				DEA3FBA52AEEC1030003E196 /* PhotosTableViewCell.swift */,
				DEA3FBA92AEEC15C0003E196 /* PhotosCollectionViewCell.swift */,
			);
			path = Photo;
			sourceTree = "<group>";
		};
		DEA3FBA42AEEB63A0003E196 /* Post */ = {
			isa = PBXGroup;
			children = (
				DE97B2692ADC22B5006B2826 /* ProfilePost.swift */,
				DE2CBABB2AD967AD004C5EF3 /* PostTableViewCell.swift */,
			);
			path = Post;
			sourceTree = "<group>";
		};
		DEA3FBAF2AEEE88B0003E196 /* Gallery */ = {
			isa = PBXGroup;
			children = (
				DEA3FBAB2AEEE7D30003E196 /* GalleryViewController.swift */,
				DEA3FBAD2AEEE84C0003E196 /* GalleryCollectionViewCell.swift */,
			);
			path = Gallery;
			sourceTree = "<group>";
		};
		DEB057832B33549300EE2C7C /* Coordinators */ = {
			isa = PBXGroup;
			children = (
				DEB057842B33556300EE2C7C /* BaseCoordinator.swift */,
				DEB057862B33559200EE2C7C /* MainCoordinator.swift */,
				DE23C72B2B2F7ADF009CC723 /* FeedCoordinator.swift */,
				DE23C72F2B2F7E16009CC723 /* ProfileCoordinator.swift */,
			);
			path = Coordinators;
			sourceTree = "<group>";
		};
		DEB1819B2B122C80009653F9 /* User */ = {
			isa = PBXGroup;
			children = (
				DE6914E42ACED34700A58500 /* LogInViewController.swift */,
				DEB1819C2B122C90009653F9 /* User.swift */,
				DE2BF2CB2B1CD4F800A26DFF /* Checker.swift */,
				DEE4FFEF2B3D7A470069AE4B /* BruteForce.swift */,
			);
			path = User;
			sourceTree = "<group>";
		};
		DED49A472B5017ED008B9078 /* NetworkService */ = {
			isa = PBXGroup;
			children = (
				DED49A482B501809008B9078 /* NetworkService.swift */,
			);
			path = NetworkService;
			sourceTree = "<group>";
		};
/* End PBXGroup section */

/* Begin PBXHeadersBuildPhase section */
		DE02E2812B0A9B310096F523 /* Headers */ = {
			isa = PBXHeadersBuildPhase;
			buildActionMask = 2147483647;
			files = (
				DE02E2982B0A9B320096F523 /* StorageService.h in Headers */,
			);
			runOnlyForDeploymentPostprocessing = 0;
		};
/* End PBXHeadersBuildPhase section */

/* Begin PBXNativeTarget section */
		DE02E2852B0A9B310096F523 /* StorageService */ = {
			isa = PBXNativeTarget;
			buildConfigurationList = DE02E2A22B0A9B320096F523 /* Build configuration list for PBXNativeTarget "StorageService" */;
			buildPhases = (
				DE02E2812B0A9B310096F523 /* Headers */,
				DE02E2822B0A9B310096F523 /* Sources */,
				DE02E2832B0A9B310096F523 /* Frameworks */,
				DE02E2842B0A9B310096F523 /* Resources */,
			);
			buildRules = (
			);
			dependencies = (
			);
			name = StorageService;
			productName = StorageService;
			productReference = DE02E2862B0A9B310096F523 /* StorageService.framework */;
			productType = "com.apple.product-type.framework";
		};
		DE02E28E2B0A9B320096F523 /* StorageServiceTests */ = {
			isa = PBXNativeTarget;
			buildConfigurationList = DE02E2A32B0A9B320096F523 /* Build configuration list for PBXNativeTarget "StorageServiceTests" */;
			buildPhases = (
				DE02E28B2B0A9B320096F523 /* Sources */,
				DE02E28C2B0A9B320096F523 /* Frameworks */,
				DE02E28D2B0A9B320096F523 /* Resources */,
			);
			buildRules = (
			);
			dependencies = (
				DE02E2922B0A9B320096F523 /* PBXTargetDependency */,
				DE02E2942B0A9B320096F523 /* PBXTargetDependency */,
			);
			name = StorageServiceTests;
			productName = StorageServiceTests;
			productReference = DE02E28F2B0A9B320096F523 /* StorageServiceTests.xctest */;
			productType = "com.apple.product-type.bundle.unit-test";
		};
		DE559F8E2AC499F900797548 /* Navigation */ = {
			isa = PBXNativeTarget;
			buildConfigurationList = DE559FA32AC499FA00797548 /* Build configuration list for PBXNativeTarget "Navigation" */;
			buildPhases = (
				DE559F8B2AC499F900797548 /* Sources */,
				DE559F8C2AC499F900797548 /* Frameworks */,
				DE559F8D2AC499F900797548 /* Resources */,
				DE02E29D2B0A9B320096F523 /* Embed Frameworks */,
			);
			buildRules = (
			);
			dependencies = (
				DE02E29A2B0A9B320096F523 /* PBXTargetDependency */,
			);
			name = Navigation;
			packageProductDependencies = (
				DE2BF2CF2B1CE89400A26DFF /* iOSIntPackage */,
			);
			productName = Navigation;
			productReference = DE559F8F2AC499F900797548 /* Navigation.app */;
			productType = "com.apple.product-type.application";
		};
/* End PBXNativeTarget section */

/* Begin PBXProject section */
		DE559F872AC499F900797548 /* Project object */ = {
			isa = PBXProject;
			attributes = {
				BuildIndependentTargetsInParallel = 1;
				LastSwiftUpdateCheck = 1500;
				LastUpgradeCheck = 1510;
				TargetAttributes = {
					DE02E2852B0A9B310096F523 = {
						CreatedOnToolsVersion = 15.0.1;
					};
					DE02E28E2B0A9B320096F523 = {
						CreatedOnToolsVersion = 15.0.1;
						TestTargetID = DE559F8E2AC499F900797548;
					};
					DE559F8E2AC499F900797548 = {
						CreatedOnToolsVersion = 15.0;
					};
				};
			};
			buildConfigurationList = DE559F8A2AC499F900797548 /* Build configuration list for PBXProject "Navigation" */;
			compatibilityVersion = "Xcode 14.0";
			developmentRegion = en;
			hasScannedForEncodings = 0;
			knownRegions = (
				en,
				Base,
			);
			mainGroup = DE559F862AC499F900797548;
			packageReferences = (
				DE2BF2CE2B1CE89400A26DFF /* XCRemoteSwiftPackageReference "iOSIntPackage" */,
			);
			productRefGroup = DE559F902AC499F900797548 /* Products */;
			projectDirPath = "";
			projectRoot = "";
			targets = (
				DE559F8E2AC499F900797548 /* Navigation */,
				DE02E2852B0A9B310096F523 /* StorageService */,
				DE02E28E2B0A9B320096F523 /* StorageServiceTests */,
			);
		};
/* End PBXProject section */

/* Begin PBXResourcesBuildPhase section */
		DE02E2842B0A9B310096F523 /* Resources */ = {
			isa = PBXResourcesBuildPhase;
			buildActionMask = 2147483647;
			files = (
			);
			runOnlyForDeploymentPostprocessing = 0;
		};
		DE02E28D2B0A9B320096F523 /* Resources */ = {
			isa = PBXResourcesBuildPhase;
			buildActionMask = 2147483647;
			files = (
			);
			runOnlyForDeploymentPostprocessing = 0;
		};
		DE559F8D2AC499F900797548 /* Resources */ = {
			isa = PBXResourcesBuildPhase;
			buildActionMask = 2147483647;
			files = (
				DE559F9F2AC499FA00797548 /* LaunchScreen.storyboard in Resources */,
				DE559F9C2AC499FA00797548 /* Assets.xcassets in Resources */,
			);
			runOnlyForDeploymentPostprocessing = 0;
		};
/* End PBXResourcesBuildPhase section */

/* Begin PBXSourcesBuildPhase section */
		DE02E2822B0A9B310096F523 /* Sources */ = {
			isa = PBXSourcesBuildPhase;
			buildActionMask = 2147483647;
			files = (
				DE02E28A2B0A9B310096F523 /* StorageService.docc in Sources */,
				DE02E2A62B0A9BA40096F523 /* Post.swift in Sources */,
			);
			runOnlyForDeploymentPostprocessing = 0;
		};
		DE02E28B2B0A9B320096F523 /* Sources */ = {
			isa = PBXSourcesBuildPhase;
			buildActionMask = 2147483647;
			files = (
				DE02E2972B0A9B320096F523 /* StorageServiceTests.swift in Sources */,
			);
			runOnlyForDeploymentPostprocessing = 0;
		};
		DE559F8B2AC499F900797548 /* Sources */ = {
			isa = PBXSourcesBuildPhase;
			buildActionMask = 2147483647;
			files = (
				DEA3FBA62AEEC1030003E196 /* PhotosTableViewCell.swift in Sources */,
				DE2BF2CC2B1CD4F800A26DFF /* Checker.swift in Sources */,
				DE559FAD2AC4A92700797548 /* PostViewController.swift in Sources */,
				DE2CBABC2AD967AD004C5EF3 /* PostTableViewCell.swift in Sources */,
				DE7E1B342B22F66E005B7E66 /* FeedModel.swift in Sources */,
				DE7D8CFD2B28E52200FC17BF /* ProfileViewModel.swift in Sources */,
				DE7F04BE2B21F423003CB83E /* CustomButton.swift in Sources */,
				DE23C7302B2F7E16009CC723 /* ProfileCoordinator.swift in Sources */,
				DEE4FFF02B3D7A470069AE4B /* BruteForce.swift in Sources */,
				DE559F932AC499F900797548 /* AppDelegate.swift in Sources */,
				DED49A492B501809008B9078 /* NetworkService.swift in Sources */,
				DEA3FBAC2AEEE7D30003E196 /* GalleryViewController.swift in Sources */,
				DEB057852B33556300EE2C7C /* BaseCoordinator.swift in Sources */,
				DE97B26A2ADC22B5006B2826 /* ProfilePost.swift in Sources */,
				DE88B4D02B3DE6F700B29386 /* BannerViewController.swift in Sources */,
				DEB057872B33559200EE2C7C /* MainCoordinator.swift in Sources */,
				DED440162AC6120D008B3F9A /* InfoViewController.swift in Sources */,
				DEBA1CAB2ACF47BB0027C8B5 /* Extension.swift in Sources */,
				DE559FAB2AC4A63400797548 /* ProfileViewController.swift in Sources */,
				DE559FA92AC4A60F00797548 /* FeedViewController.swift in Sources */,
				DE559F952AC499F900797548 /* SceneDelegate.swift in Sources */,
				DEA8EDE32ACD5E1200F0C48C /* TextFieldWithPadding.swift in Sources */,
				DE6914E52ACED34700A58500 /* LogInViewController.swift in Sources */,
				DEA3FBAE2AEEE84C0003E196 /* GalleryCollectionViewCell.swift in Sources */,
				DEB1819D2B122C90009653F9 /* User.swift in Sources */,
				DEA3FBAA2AEEC15C0003E196 /* PhotosCollectionViewCell.swift in Sources */,
				DE2CBAB92AD957B0004C5EF3 /* ProfileHeaderView.swift in Sources */,
				DE23C72C2B2F7ADF009CC723 /* FeedCoordinator.swift in Sources */,
				DE7E1B362B22FA05005B7E66 /* AlertModel.swift in Sources */,
				DEFD80F52AE978E9000D5E4A /* ProfilePhoto.swift in Sources */,
			);
			runOnlyForDeploymentPostprocessing = 0;
		};
/* End PBXSourcesBuildPhase section */

/* Begin PBXTargetDependency section */
		DE02E2922B0A9B320096F523 /* PBXTargetDependency */ = {
			isa = PBXTargetDependency;
			target = DE02E2852B0A9B310096F523 /* StorageService */;
			targetProxy = DE02E2912B0A9B320096F523 /* PBXContainerItemProxy */;
		};
		DE02E2942B0A9B320096F523 /* PBXTargetDependency */ = {
			isa = PBXTargetDependency;
			target = DE559F8E2AC499F900797548 /* Navigation */;
			targetProxy = DE02E2932B0A9B320096F523 /* PBXContainerItemProxy */;
		};
		DE02E29A2B0A9B320096F523 /* PBXTargetDependency */ = {
			isa = PBXTargetDependency;
			target = DE02E2852B0A9B310096F523 /* StorageService */;
			targetProxy = DE02E2992B0A9B320096F523 /* PBXContainerItemProxy */;
		};
/* End PBXTargetDependency section */

/* Begin PBXVariantGroup section */
		DE559F9D2AC499FA00797548 /* LaunchScreen.storyboard */ = {
			isa = PBXVariantGroup;
			children = (
				DE559F9E2AC499FA00797548 /* Base */,
			);
			name = LaunchScreen.storyboard;
			sourceTree = "<group>";
		};
/* End PBXVariantGroup section */

/* Begin XCBuildConfiguration section */
		DE02E29E2B0A9B320096F523 /* Debug */ = {
			isa = XCBuildConfiguration;
			buildSettings = {
				CODE_SIGN_IDENTITY = "";
				CODE_SIGN_STYLE = Automatic;
				CURRENT_PROJECT_VERSION = 1;
				DEFINES_MODULE = YES;
				DYLIB_COMPATIBILITY_VERSION = 1;
				DYLIB_CURRENT_VERSION = 1;
				DYLIB_INSTALL_NAME_BASE = "@rpath";
				ENABLE_MODULE_VERIFIER = YES;
				GENERATE_INFOPLIST_FILE = YES;
				INFOPLIST_KEY_NSHumanReadableCopyright = "";
				INSTALL_PATH = "$(LOCAL_LIBRARY_DIR)/Frameworks";
				IPHONEOS_DEPLOYMENT_TARGET = 13.0;
				LD_RUNPATH_SEARCH_PATHS = (
					"$(inherited)",
					"@executable_path/Frameworks",
					"@loader_path/Frameworks",
				);
				MARKETING_VERSION = 1.0;
				MODULE_VERIFIER_SUPPORTED_LANGUAGES = "objective-c objective-c++";
				MODULE_VERIFIER_SUPPORTED_LANGUAGE_STANDARDS = "gnu17 gnu++20";
				PRODUCT_BUNDLE_IDENTIFIER = net.netlanc.ios.StorageService;
				PRODUCT_NAME = "$(TARGET_NAME:c99extidentifier)";
				SKIP_INSTALL = YES;
				SUPPORTED_PLATFORMS = "iphoneos iphonesimulator";
				SUPPORTS_MACCATALYST = NO;
				SUPPORTS_MAC_DESIGNED_FOR_IPHONE_IPAD = NO;
				SWIFT_EMIT_LOC_STRINGS = YES;
				SWIFT_VERSION = 5.0;
				TARGETED_DEVICE_FAMILY = 1;
				VERSIONING_SYSTEM = "apple-generic";
				VERSION_INFO_PREFIX = "";
			};
			name = Debug;
		};
		DE02E29F2B0A9B320096F523 /* Release */ = {
			isa = XCBuildConfiguration;
			buildSettings = {
				CODE_SIGN_IDENTITY = "";
				CODE_SIGN_STYLE = Automatic;
				CURRENT_PROJECT_VERSION = 1;
				DEFINES_MODULE = YES;
				DYLIB_COMPATIBILITY_VERSION = 1;
				DYLIB_CURRENT_VERSION = 1;
				DYLIB_INSTALL_NAME_BASE = "@rpath";
				ENABLE_MODULE_VERIFIER = YES;
				GENERATE_INFOPLIST_FILE = YES;
				INFOPLIST_KEY_NSHumanReadableCopyright = "";
				INSTALL_PATH = "$(LOCAL_LIBRARY_DIR)/Frameworks";
				IPHONEOS_DEPLOYMENT_TARGET = 13.0;
				LD_RUNPATH_SEARCH_PATHS = (
					"$(inherited)",
					"@executable_path/Frameworks",
					"@loader_path/Frameworks",
				);
				MARKETING_VERSION = 1.0;
				MODULE_VERIFIER_SUPPORTED_LANGUAGES = "objective-c objective-c++";
				MODULE_VERIFIER_SUPPORTED_LANGUAGE_STANDARDS = "gnu17 gnu++20";
				PRODUCT_BUNDLE_IDENTIFIER = net.netlanc.ios.StorageService;
				PRODUCT_NAME = "$(TARGET_NAME:c99extidentifier)";
				SKIP_INSTALL = YES;
				SUPPORTED_PLATFORMS = "iphoneos iphonesimulator";
				SUPPORTS_MACCATALYST = NO;
				SUPPORTS_MAC_DESIGNED_FOR_IPHONE_IPAD = NO;
				SWIFT_EMIT_LOC_STRINGS = YES;
				SWIFT_VERSION = 5.0;
				TARGETED_DEVICE_FAMILY = 1;
				VERSIONING_SYSTEM = "apple-generic";
				VERSION_INFO_PREFIX = "";
			};
			name = Release;
		};
		DE02E2A02B0A9B320096F523 /* Debug */ = {
			isa = XCBuildConfiguration;
			buildSettings = {
				ALWAYS_EMBED_SWIFT_STANDARD_LIBRARIES = YES;
				CODE_SIGN_STYLE = Automatic;
				CURRENT_PROJECT_VERSION = 1;
				GENERATE_INFOPLIST_FILE = YES;
				IPHONEOS_DEPLOYMENT_TARGET = 13.0;
				MARKETING_VERSION = 1.0;
				PRODUCT_BUNDLE_IDENTIFIER = net.netlanc.ios.StorageServiceTests;
				PRODUCT_NAME = "$(TARGET_NAME)";
				SUPPORTED_PLATFORMS = "iphoneos iphonesimulator";
				SUPPORTS_MACCATALYST = NO;
				SUPPORTS_MAC_DESIGNED_FOR_IPHONE_IPAD = NO;
				SWIFT_EMIT_LOC_STRINGS = NO;
				SWIFT_VERSION = 5.0;
				TARGETED_DEVICE_FAMILY = 1;
				TEST_HOST = "$(BUILT_PRODUCTS_DIR)/Navigation.app/$(BUNDLE_EXECUTABLE_FOLDER_PATH)/Navigation";
			};
			name = Debug;
		};
		DE02E2A12B0A9B320096F523 /* Release */ = {
			isa = XCBuildConfiguration;
			buildSettings = {
				ALWAYS_EMBED_SWIFT_STANDARD_LIBRARIES = YES;
				CODE_SIGN_STYLE = Automatic;
				CURRENT_PROJECT_VERSION = 1;
				GENERATE_INFOPLIST_FILE = YES;
				IPHONEOS_DEPLOYMENT_TARGET = 13.0;
				MARKETING_VERSION = 1.0;
				PRODUCT_BUNDLE_IDENTIFIER = net.netlanc.ios.StorageServiceTests;
				PRODUCT_NAME = "$(TARGET_NAME)";
				SUPPORTED_PLATFORMS = "iphoneos iphonesimulator";
				SUPPORTS_MACCATALYST = NO;
				SUPPORTS_MAC_DESIGNED_FOR_IPHONE_IPAD = NO;
				SWIFT_EMIT_LOC_STRINGS = NO;
				SWIFT_VERSION = 5.0;
				TARGETED_DEVICE_FAMILY = 1;
				TEST_HOST = "$(BUILT_PRODUCTS_DIR)/Navigation.app/$(BUNDLE_EXECUTABLE_FOLDER_PATH)/Navigation";
			};
			name = Release;
		};
		DE559FA12AC499FA00797548 /* Debug */ = {
			isa = XCBuildConfiguration;
			buildSettings = {
				ALWAYS_SEARCH_USER_PATHS = NO;
				ASSETCATALOG_COMPILER_GENERATE_SWIFT_ASSET_SYMBOL_EXTENSIONS = YES;
				CLANG_ANALYZER_NONNULL = YES;
				CLANG_ANALYZER_NUMBER_OBJECT_CONVERSION = YES_AGGRESSIVE;
				CLANG_CXX_LANGUAGE_STANDARD = "gnu++20";
				CLANG_ENABLE_MODULES = YES;
				CLANG_ENABLE_OBJC_ARC = YES;
				CLANG_ENABLE_OBJC_WEAK = YES;
				CLANG_WARN_BLOCK_CAPTURE_AUTORELEASING = YES;
				CLANG_WARN_BOOL_CONVERSION = YES;
				CLANG_WARN_COMMA = YES;
				CLANG_WARN_CONSTANT_CONVERSION = YES;
				CLANG_WARN_DEPRECATED_OBJC_IMPLEMENTATIONS = YES;
				CLANG_WARN_DIRECT_OBJC_ISA_USAGE = YES_ERROR;
				CLANG_WARN_DOCUMENTATION_COMMENTS = YES;
				CLANG_WARN_EMPTY_BODY = YES;
				CLANG_WARN_ENUM_CONVERSION = YES;
				CLANG_WARN_INFINITE_RECURSION = YES;
				CLANG_WARN_INT_CONVERSION = YES;
				CLANG_WARN_NON_LITERAL_NULL_CONVERSION = YES;
				CLANG_WARN_OBJC_IMPLICIT_RETAIN_SELF = YES;
				CLANG_WARN_OBJC_LITERAL_CONVERSION = YES;
				CLANG_WARN_OBJC_ROOT_CLASS = YES_ERROR;
				CLANG_WARN_QUOTED_INCLUDE_IN_FRAMEWORK_HEADER = YES;
				CLANG_WARN_RANGE_LOOP_ANALYSIS = YES;
				CLANG_WARN_STRICT_PROTOTYPES = YES;
				CLANG_WARN_SUSPICIOUS_MOVE = YES;
				CLANG_WARN_UNGUARDED_AVAILABILITY = YES_AGGRESSIVE;
				CLANG_WARN_UNREACHABLE_CODE = YES;
				CLANG_WARN__DUPLICATE_METHOD_MATCH = YES;
				COPY_PHASE_STRIP = NO;
				DEBUG_INFORMATION_FORMAT = dwarf;
				ENABLE_STRICT_OBJC_MSGSEND = YES;
				ENABLE_TESTABILITY = YES;
				ENABLE_USER_SCRIPT_SANDBOXING = YES;
				GCC_C_LANGUAGE_STANDARD = gnu17;
				GCC_DYNAMIC_NO_PIC = NO;
				GCC_NO_COMMON_BLOCKS = YES;
				GCC_OPTIMIZATION_LEVEL = 0;
				GCC_PREPROCESSOR_DEFINITIONS = (
					"DEBUG=1",
					"$(inherited)",
				);
				GCC_WARN_64_TO_32_BIT_CONVERSION = YES;
				GCC_WARN_ABOUT_RETURN_TYPE = YES_ERROR;
				GCC_WARN_UNDECLARED_SELECTOR = YES;
				GCC_WARN_UNINITIALIZED_AUTOS = YES_AGGRESSIVE;
				GCC_WARN_UNUSED_FUNCTION = YES;
				GCC_WARN_UNUSED_VARIABLE = YES;
				IPHONEOS_DEPLOYMENT_TARGET = 17.0;
				LOCALIZATION_PREFERS_STRING_CATALOGS = YES;
				MTL_ENABLE_DEBUG_INFO = INCLUDE_SOURCE;
				MTL_FAST_MATH = YES;
				ONLY_ACTIVE_ARCH = YES;
				SDKROOT = iphoneos;
				SWIFT_ACTIVE_COMPILATION_CONDITIONS = "DEBUG $(inherited)";
				SWIFT_OPTIMIZATION_LEVEL = "-Onone";
			};
			name = Debug;
		};
		DE559FA22AC499FA00797548 /* Release */ = {
			isa = XCBuildConfiguration;
			buildSettings = {
				ALWAYS_SEARCH_USER_PATHS = NO;
				ASSETCATALOG_COMPILER_GENERATE_SWIFT_ASSET_SYMBOL_EXTENSIONS = YES;
				CLANG_ANALYZER_NONNULL = YES;
				CLANG_ANALYZER_NUMBER_OBJECT_CONVERSION = YES_AGGRESSIVE;
				CLANG_CXX_LANGUAGE_STANDARD = "gnu++20";
				CLANG_ENABLE_MODULES = YES;
				CLANG_ENABLE_OBJC_ARC = YES;
				CLANG_ENABLE_OBJC_WEAK = YES;
				CLANG_WARN_BLOCK_CAPTURE_AUTORELEASING = YES;
				CLANG_WARN_BOOL_CONVERSION = YES;
				CLANG_WARN_COMMA = YES;
				CLANG_WARN_CONSTANT_CONVERSION = YES;
				CLANG_WARN_DEPRECATED_OBJC_IMPLEMENTATIONS = YES;
				CLANG_WARN_DIRECT_OBJC_ISA_USAGE = YES_ERROR;
				CLANG_WARN_DOCUMENTATION_COMMENTS = YES;
				CLANG_WARN_EMPTY_BODY = YES;
				CLANG_WARN_ENUM_CONVERSION = YES;
				CLANG_WARN_INFINITE_RECURSION = YES;
				CLANG_WARN_INT_CONVERSION = YES;
				CLANG_WARN_NON_LITERAL_NULL_CONVERSION = YES;
				CLANG_WARN_OBJC_IMPLICIT_RETAIN_SELF = YES;
				CLANG_WARN_OBJC_LITERAL_CONVERSION = YES;
				CLANG_WARN_OBJC_ROOT_CLASS = YES_ERROR;
				CLANG_WARN_QUOTED_INCLUDE_IN_FRAMEWORK_HEADER = YES;
				CLANG_WARN_RANGE_LOOP_ANALYSIS = YES;
				CLANG_WARN_STRICT_PROTOTYPES = YES;
				CLANG_WARN_SUSPICIOUS_MOVE = YES;
				CLANG_WARN_UNGUARDED_AVAILABILITY = YES_AGGRESSIVE;
				CLANG_WARN_UNREACHABLE_CODE = YES;
				CLANG_WARN__DUPLICATE_METHOD_MATCH = YES;
				COPY_PHASE_STRIP = NO;
				DEBUG_INFORMATION_FORMAT = "dwarf-with-dsym";
				ENABLE_NS_ASSERTIONS = NO;
				ENABLE_STRICT_OBJC_MSGSEND = YES;
				ENABLE_USER_SCRIPT_SANDBOXING = YES;
				GCC_C_LANGUAGE_STANDARD = gnu17;
				GCC_NO_COMMON_BLOCKS = YES;
				GCC_WARN_64_TO_32_BIT_CONVERSION = YES;
				GCC_WARN_ABOUT_RETURN_TYPE = YES_ERROR;
				GCC_WARN_UNDECLARED_SELECTOR = YES;
				GCC_WARN_UNINITIALIZED_AUTOS = YES_AGGRESSIVE;
				GCC_WARN_UNUSED_FUNCTION = YES;
				GCC_WARN_UNUSED_VARIABLE = YES;
				IPHONEOS_DEPLOYMENT_TARGET = 17.0;
				LOCALIZATION_PREFERS_STRING_CATALOGS = YES;
				MTL_ENABLE_DEBUG_INFO = NO;
				MTL_FAST_MATH = YES;
				SDKROOT = iphoneos;
				SWIFT_COMPILATION_MODE = wholemodule;
				VALIDATE_PRODUCT = YES;
			};
			name = Release;
		};
		DE559FA42AC499FA00797548 /* Debug */ = {
			isa = XCBuildConfiguration;
			buildSettings = {
				ALWAYS_EMBED_SWIFT_STANDARD_LIBRARIES = YES;
				ASSETCATALOG_COMPILER_APPICON_NAME = AppIcon;
				ASSETCATALOG_COMPILER_GLOBAL_ACCENT_COLOR_NAME = AccentColor;
				CODE_SIGN_STYLE = Automatic;
				CURRENT_PROJECT_VERSION = 1;
				GENERATE_INFOPLIST_FILE = YES;
				INFOPLIST_FILE = Navigation/Info.plist;
				INFOPLIST_KEY_UIApplicationSupportsIndirectInputEvents = YES;
				INFOPLIST_KEY_UILaunchStoryboardName = LaunchScreen;
				INFOPLIST_KEY_UISupportedInterfaceOrientations = "UIInterfaceOrientationLandscapeLeft UIInterfaceOrientationLandscapeRight UIInterfaceOrientationPortrait";
				INFOPLIST_KEY_UISupportedInterfaceOrientations_iPad = "UIInterfaceOrientationLandscapeLeft UIInterfaceOrientationLandscapeRight UIInterfaceOrientationPortrait UIInterfaceOrientationPortraitUpsideDown";
				IPHONEOS_DEPLOYMENT_TARGET = 13.0;
				LD_RUNPATH_SEARCH_PATHS = (
					"$(inherited)",
					"@executable_path/Frameworks",
				);
				MARKETING_VERSION = 1.0;
				PRODUCT_BUNDLE_IDENTIFIER = net.netlanc.ios.Navigation;
				PRODUCT_NAME = "$(TARGET_NAME)";
				SUPPORTED_PLATFORMS = "iphoneos iphonesimulator";
				SUPPORTS_MACCATALYST = NO;
				SUPPORTS_MAC_DESIGNED_FOR_IPHONE_IPAD = NO;
				SWIFT_EMIT_LOC_STRINGS = YES;
				SWIFT_VERSION = 5.0;
				TARGETED_DEVICE_FAMILY = 1;
			};
			name = Debug;
		};
		DE559FA52AC499FA00797548 /* Release */ = {
			isa = XCBuildConfiguration;
			buildSettings = {
				ALWAYS_EMBED_SWIFT_STANDARD_LIBRARIES = YES;
				ASSETCATALOG_COMPILER_APPICON_NAME = AppIcon;
				ASSETCATALOG_COMPILER_GLOBAL_ACCENT_COLOR_NAME = AccentColor;
				CODE_SIGN_STYLE = Automatic;
				CURRENT_PROJECT_VERSION = 1;
				GENERATE_INFOPLIST_FILE = YES;
				INFOPLIST_FILE = Navigation/Info.plist;
				INFOPLIST_KEY_UIApplicationSupportsIndirectInputEvents = YES;
				INFOPLIST_KEY_UILaunchStoryboardName = LaunchScreen;
				INFOPLIST_KEY_UISupportedInterfaceOrientations = "UIInterfaceOrientationLandscapeLeft UIInterfaceOrientationLandscapeRight UIInterfaceOrientationPortrait";
				INFOPLIST_KEY_UISupportedInterfaceOrientations_iPad = "UIInterfaceOrientationLandscapeLeft UIInterfaceOrientationLandscapeRight UIInterfaceOrientationPortrait UIInterfaceOrientationPortraitUpsideDown";
				IPHONEOS_DEPLOYMENT_TARGET = 13.0;
				LD_RUNPATH_SEARCH_PATHS = (
					"$(inherited)",
					"@executable_path/Frameworks",
				);
				MARKETING_VERSION = 1.0;
				PRODUCT_BUNDLE_IDENTIFIER = net.netlanc.ios.Navigation;
				PRODUCT_NAME = "$(TARGET_NAME)";
				SUPPORTED_PLATFORMS = "iphoneos iphonesimulator";
				SUPPORTS_MACCATALYST = NO;
				SUPPORTS_MAC_DESIGNED_FOR_IPHONE_IPAD = NO;
				SWIFT_EMIT_LOC_STRINGS = YES;
				SWIFT_VERSION = 5.0;
				TARGETED_DEVICE_FAMILY = 1;
			};
			name = Release;
		};
/* End XCBuildConfiguration section */

/* Begin XCConfigurationList section */
		DE02E2A22B0A9B320096F523 /* Build configuration list for PBXNativeTarget "StorageService" */ = {
			isa = XCConfigurationList;
			buildConfigurations = (
				DE02E29E2B0A9B320096F523 /* Debug */,
				DE02E29F2B0A9B320096F523 /* Release */,
			);
			defaultConfigurationIsVisible = 0;
			defaultConfigurationName = Release;
		};
		DE02E2A32B0A9B320096F523 /* Build configuration list for PBXNativeTarget "StorageServiceTests" */ = {
			isa = XCConfigurationList;
			buildConfigurations = (
				DE02E2A02B0A9B320096F523 /* Debug */,
				DE02E2A12B0A9B320096F523 /* Release */,
			);
			defaultConfigurationIsVisible = 0;
			defaultConfigurationName = Release;
		};
		DE559F8A2AC499F900797548 /* Build configuration list for PBXProject "Navigation" */ = {
			isa = XCConfigurationList;
			buildConfigurations = (
				DE559FA12AC499FA00797548 /* Debug */,
				DE559FA22AC499FA00797548 /* Release */,
			);
			defaultConfigurationIsVisible = 0;
			defaultConfigurationName = Release;
		};
		DE559FA32AC499FA00797548 /* Build configuration list for PBXNativeTarget "Navigation" */ = {
			isa = XCConfigurationList;
			buildConfigurations = (
				DE559FA42AC499FA00797548 /* Debug */,
				DE559FA52AC499FA00797548 /* Release */,
			);
			defaultConfigurationIsVisible = 0;
			defaultConfigurationName = Release;
		};
/* End XCConfigurationList section */

/* Begin XCRemoteSwiftPackageReference section */
		DE2BF2CE2B1CE89400A26DFF /* XCRemoteSwiftPackageReference "iOSIntPackage" */ = {
			isa = XCRemoteSwiftPackageReference;
			repositoryURL = "https://github.com/TrueMax/iOSIntPackage";
			requirement = {
				kind = exactVersion;
				version = 3.2.3;
			};
		};
/* End XCRemoteSwiftPackageReference section */

/* Begin XCSwiftPackageProductDependency section */
		DE2BF2CF2B1CE89400A26DFF /* iOSIntPackage */ = {
			isa = XCSwiftPackageProductDependency;
			package = DE2BF2CE2B1CE89400A26DFF /* XCRemoteSwiftPackageReference "iOSIntPackage" */;
			productName = iOSIntPackage;
		};
/* End XCSwiftPackageProductDependency section */
	};
	rootObject = DE559F872AC499F900797548 /* Project object */;
}
